
Microsoft Visual Studio Solution File, Format Version 12.00
# Visual Studio 15
VisualStudioVersion = 15.0.28307.572
MinimumVisualStudioVersion = 10.0.40219.1
Project("{FAE04EC0-301F-11D3-BF4B-00C04F79EFBC}") = "EmpSalaryCalucationWith_SimpleFactory", "EmpSalaryCalucationWith_SimpleFactory\EmpSalaryCalucationWith_SimpleFactory.csproj", "{75F32FB3-9B82-4C70-BD89-AF2F21BDE9D8}"
EndProject
Global
	GlobalSection(SolutionConfigurationPlatforms) = preSolution
		Debug|Any CPU = Debug|Any CPU
		Release|Any CPU = Release|Any CPU
	EndGlobalSection
	GlobalSection(ProjectConfigurationPlatforms) = postSolution
		{75F32FB3-9B82-4C70-BD89-AF2F21BDE9D8}.Debug|Any CPU.ActiveCfg = Debug|Any CPU
		{75F32FB3-9B82-4C70-BD89-AF2F21BDE9D8}.Debug|Any CPU.Build.0 = Debug|Any CPU
		{75F32FB3-9B82-4C70-BD89-AF2F21BDE9D8}.Release|Any CPU.ActiveCfg = Release|Any CPU
		{75F32FB3-9B82-4C70-BD89-AF2F21BDE9D8}.Release|Any CPU.Build.0 = Release|Any CPU
	EndGlobalSection
	GlobalSection(SolutionProperties) = preSolution
		HideSolutionNode = FALSE
	EndGlobalSection
	GlobalSection(ExtensibilityGlobals) = postSolution
		SolutionGuid = {DF658888-DA6D-405A-986A-7C03F25037DB}
	EndGlobalSection
EndGlobal
